
Microsoft Visual Studio Solution File, Format Version 12.00
# Visual Studio Version 16
VisualStudioVersion = 16.0.31829.152
MinimumVisualStudioVersion = 10.0.40219.1
Project("{FAE04EC0-301F-11D3-BF4B-00C04F79EFBC}") = "GestorGUI", "GestorGUI.csproj", "{31AEE546-DB7D-49CA-88A9-99D56A681286}"
EndProject
Global
	GlobalSection(SolutionConfigurationPlatforms) = preSolution
		Debug|Any CPU = Debug|Any CPU
		Release|Any CPU = Release|Any CPU
	EndGlobalSection
	GlobalSection(ProjectConfigurationPlatforms) = postSolution
		{31AEE546-DB7D-49CA-88A9-99D56A681286}.Debug|Any CPU.ActiveCfg = Debug|Any CPU
		{31AEE546-DB7D-49CA-88A9-99D56A681286}.Debug|Any CPU.Build.0 = Debug|Any CPU
		{31AEE546-DB7D-49CA-88A9-99D56A681286}.Release|Any CPU.ActiveCfg = Release|Any CPU
		{31AEE546-DB7D-49CA-88A9-99D56A681286}.Release|Any CPU.Build.0 = Release|Any CPU
	EndGlobalSection
	GlobalSection(SolutionProperties) = preSolution
		HideSolutionNode = FALSE
	EndGlobalSection
	GlobalSection(ExtensibilityGlobals) = postSolution
		SolutionGuid = {1AB4A265-AF9F-4C74-8D7C-25A04B232084}
	EndGlobalSection
EndGlobal
